
Microsoft Visual Studio Solution File, Format Version 12.00
# Visual Studio Version 16
VisualStudioVersion = 16.0.30503.244
MinimumVisualStudioVersion = 10.0.40219.1
Project("{FAE04EC0-301F-11D3-BF4B-00C04F79EFBC}") = "Opdracht 1", "Opdracht 1\Opdracht 1.csproj", "{B88916B3-E149-4FCF-853A-065DF5882F6F}"
EndProject
Global
	GlobalSection(SolutionConfigurationPlatforms) = preSolution
		Debug|Any CPU = Debug|Any CPU
		Release|Any CPU = Release|Any CPU
	EndGlobalSection
	GlobalSection(ProjectConfigurationPlatforms) = postSolution
		{B88916B3-E149-4FCF-853A-065DF5882F6F}.Debug|Any CPU.ActiveCfg = Debug|Any CPU
		{B88916B3-E149-4FCF-853A-065DF5882F6F}.Debug|Any CPU.Build.0 = Debug|Any CPU
		{B88916B3-E149-4FCF-853A-065DF5882F6F}.Release|Any CPU.ActiveCfg = Release|Any CPU
		{B88916B3-E149-4FCF-853A-065DF5882F6F}.Release|Any CPU.Build.0 = Release|Any CPU
	EndGlobalSection
	GlobalSection(SolutionProperties) = preSolution
		HideSolutionNode = FALSE
	EndGlobalSection
	GlobalSection(ExtensibilityGlobals) = postSolution
		SolutionGuid = {D42792DB-2ED3-4016-8869-C1D523F9345B}
	EndGlobalSection
EndGlobal
